
Microsoft Visual Studio Solution File, Format Version 12.00
# Visual Studio Version 18
VisualStudioVersion = 18.4.11626.88
MinimumVisualStudioVersion = 10.0.40219.1
Project("{FAE04EC0-301F-11D3-BF4B-00C04F79EFBC}") = "GrupoXpert.Domain", "GrupoXpert.Domain\GrupoXpert.Domain.csproj", "{0FFBB59E-1C51-4A94-BC99-B1458B43D22F}"
EndProject
Project("{FAE04EC0-301F-11D3-BF4B-00C04F79EFBC}") = "GrupoXpert.Application", "GrupoXpert.Application\GrupoXpert.Application.csproj", "{69A4057A-551B-471D-ADDE-3E9A30F3E110}"
EndProject
Project("{FAE04EC0-301F-11D3-BF4B-00C04F79EFBC}") = "GrupoXpert.Infrastructure", "GrupoXpert.Infrastructure\GrupoXpert.Infrastructure.csproj", "{4D905EC9-6CEB-4C48-9D43-9DC16CA299D0}"
EndProject
Project("{FAE04EC0-301F-11D3-BF4B-00C04F79EFBC}") = "GrupoXpert.WebApi", "GrupoXpert.WebApi\GrupoXpert.WebApi.csproj", "{5470DC3F-17BD-456D-AA66-A92F19E3FB79}"
EndProject
Project("{FAE04EC0-301F-11D3-BF4B-00C04F79EFBC}") = "GrupoXpert.Web", "GrupoXpert.Web\GrupoXpert.Web.csproj", "{5CDB1ABC-03BD-454E-84CA-725769A7C12F}"
EndProject
Project("{FAE04EC0-301F-11D3-BF4B-00C04F79EFBC}") = "GrupoXpert.Maui", "GrupoXpert.Maui\GrupoXpert.Maui.csproj", "{A5A52F9A-C2EA-4F4F-8D74-A30D741C6515}"
EndProject
Project("{FAE04EC0-301F-11D3-BF4B-00C04F79EFBC}") = "GrupoXpert.Shared.UI", "GrupoXpert.Shared.UI\GrupoXpert.Shared.UI.csproj", "{FF9533DA-A61C-44A2-BAED-32885F1272AF}"
EndProject
Project("{FAE04EC0-301F-11D3-BF4B-00C04F79EFBC}") = "GrupoXpert.UnitTests", "GrupoXpert.UnitTests\GrupoXpert.UnitTests.csproj", "{0FB2ED9A-6E3A-499A-BF98-2D4AE787462F}"
EndProject
Project("{FAE04EC0-301F-11D3-BF4B-00C04F79EFBC}") = "GrupoXpert.IntegrationTests", "GrupoXpert.IntegrationTests\GrupoXpert.IntegrationTests.csproj", "{FC51A493-1695-41D4-9918-9BFB1D06B69C}"
EndProject
Project("{FAE04EC0-301F-11D3-BF4B-00C04F79EFBC}") = "GrupoXpert.ComponentTests", "GrupoXpert.ComponentTests\GrupoXpert.ComponentTests.csproj", "{03403336-6921-4D21-B03D-2ED8C03CFB60}"
EndProject
Global
	GlobalSection(SolutionConfigurationPlatforms) = preSolution
		Debug|Any CPU = Debug|Any CPU
		Release|Any CPU = Release|Any CPU
	EndGlobalSection
	GlobalSection(ProjectConfigurationPlatforms) = postSolution
		{0FFBB59E-1C51-4A94-BC99-B1458B43D22F}.Debug|Any CPU.ActiveCfg = Debug|Any CPU
		{0FFBB59E-1C51-4A94-BC99-B1458B43D22F}.Debug|Any CPU.Build.0 = Debug|Any CPU
		{0FFBB59E-1C51-4A94-BC99-B1458B43D22F}.Release|Any CPU.ActiveCfg = Release|Any CPU
		{0FFBB59E-1C51-4A94-BC99-B1458B43D22F}.Release|Any CPU.Build.0 = Release|Any CPU
		{69A4057A-551B-471D-ADDE-3E9A30F3E110}.Debug|Any CPU.ActiveCfg = Debug|Any CPU
		{69A4057A-551B-471D-ADDE-3E9A30F3E110}.Debug|Any CPU.Build.0 = Debug|Any CPU
		{69A4057A-551B-471D-ADDE-3E9A30F3E110}.Release|Any CPU.ActiveCfg = Release|Any CPU
		{69A4057A-551B-471D-ADDE-3E9A30F3E110}.Release|Any CPU.Build.0 = Release|Any CPU
		{4D905EC9-6CEB-4C48-9D43-9DC16CA299D0}.Debug|Any CPU.ActiveCfg = Debug|Any CPU
		{4D905EC9-6CEB-4C48-9D43-9DC16CA299D0}.Debug|Any CPU.Build.0 = Debug|Any CPU
		{4D905EC9-6CEB-4C48-9D43-9DC16CA299D0}.Release|Any CPU.ActiveCfg = Release|Any CPU
		{4D905EC9-6CEB-4C48-9D43-9DC16CA299D0}.Release|Any CPU.Build.0 = Release|Any CPU
		{5470DC3F-17BD-456D-AA66-A92F19E3FB79}.Debug|Any CPU.ActiveCfg = Debug|Any CPU
		{5470DC3F-17BD-456D-AA66-A92F19E3FB79}.Debug|Any CPU.Build.0 = Debug|Any CPU
		{5470DC3F-17BD-456D-AA66-A92F19E3FB79}.Release|Any CPU.ActiveCfg = Release|Any CPU
		{5470DC3F-17BD-456D-AA66-A92F19E3FB79}.Release|Any CPU.Build.0 = Release|Any CPU
		{5CDB1ABC-03BD-454E-84CA-725769A7C12F}.Debug|Any CPU.ActiveCfg = Debug|Any CPU
		{5CDB1ABC-03BD-454E-84CA-725769A7C12F}.Debug|Any CPU.Build.0 = Debug|Any CPU
		{5CDB1ABC-03BD-454E-84CA-725769A7C12F}.Release|Any CPU.ActiveCfg = Release|Any CPU
		{5CDB1ABC-03BD-454E-84CA-725769A7C12F}.Release|Any CPU.Build.0 = Release|Any CPU
		{A5A52F9A-C2EA-4F4F-8D74-A30D741C6515}.Debug|Any CPU.ActiveCfg = Debug|Any CPU
		{A5A52F9A-C2EA-4F4F-8D74-A30D741C6515}.Debug|Any CPU.Build.0 = Debug|Any CPU
		{A5A52F9A-C2EA-4F4F-8D74-A30D741C6515}.Release|Any CPU.ActiveCfg = Release|Any CPU
		{A5A52F9A-C2EA-4F4F-8D74-A30D741C6515}.Release|Any CPU.Build.0 = Release|Any CPU
		{FF9533DA-A61C-44A2-BAED-32885F1272AF}.Debug|Any CPU.ActiveCfg = Debug|Any CPU
		{FF9533DA-A61C-44A2-BAED-32885F1272AF}.Debug|Any CPU.Build.0 = Debug|Any CPU
		{FF9533DA-A61C-44A2-BAED-32885F1272AF}.Release|Any CPU.ActiveCfg = Release|Any CPU
		{FF9533DA-A61C-44A2-BAED-32885F1272AF}.Release|Any CPU.Build.0 = Release|Any CPU
		{0FB2ED9A-6E3A-499A-BF98-2D4AE787462F}.Debug|Any CPU.ActiveCfg = Debug|Any CPU
		{0FB2ED9A-6E3A-499A-BF98-2D4AE787462F}.Debug|Any CPU.Build.0 = Debug|Any CPU
		{0FB2ED9A-6E3A-499A-BF98-2D4AE787462F}.Release|Any CPU.ActiveCfg = Release|Any CPU
		{0FB2ED9A-6E3A-499A-BF98-2D4AE787462F}.Release|Any CPU.Build.0 = Release|Any CPU
		{FC51A493-1695-41D4-9918-9BFB1D06B69C}.Debug|Any CPU.ActiveCfg = Debug|Any CPU
		{FC51A493-1695-41D4-9918-9BFB1D06B69C}.Debug|Any CPU.Build.0 = Debug|Any CPU
		{FC51A493-1695-41D4-9918-9BFB1D06B69C}.Release|Any CPU.ActiveCfg = Release|Any CPU
		{FC51A493-1695-41D4-9918-9BFB1D06B69C}.Release|Any CPU.Build.0 = Release|Any CPU
		{03403336-6921-4D21-B03D-2ED8C03CFB60}.Debug|Any CPU.ActiveCfg = Debug|Any CPU
		{03403336-6921-4D21-B03D-2ED8C03CFB60}.Debug|Any CPU.Build.0 = Debug|Any CPU
		{03403336-6921-4D21-B03D-2ED8C03CFB60}.Release|Any CPU.ActiveCfg = Release|Any CPU
		{03403336-6921-4D21-B03D-2ED8C03CFB60}.Release|Any CPU.Build.0 = Release|Any CPU
	EndGlobalSection
	GlobalSection(SolutionProperties) = preSolution
		HideSolutionNode = FALSE
	EndGlobalSection
	GlobalSection(ExtensibilityGlobals) = postSolution
		SolutionGuid = {57003A19-C810-4E3D-A5EC-8AAEEB9CFB7D}
	EndGlobalSection
EndGlobal
